<?xml version="1.0" encoding="utf-8"?>
<Project ToolsVersion="4.0" xmlns="http://schemas.microsoft.com/developer/msbuild/2003">
  <ItemGroup>
    <ClCompile Include="src\Main.cpp" />
    <ClCompile Include="src\slib\Log.cpp">
      <Filter>slib</Filter>
    </ClCompile>
    <ClCompile Include="src\engine\Renderer\Shader.cpp">
      <Filter>engine</Filter>
    </ClCompile>
    <ClCompile Include="src\engine\SGFXEngine.cpp">
      <Filter>engine</Filter>
    </ClCompile>
    <ClCompile Include="src\engine\Renderer\Renderer.cpp">
      <Filter>engine</Filter>
    </ClCompile>
    <ClCompile Include="src\engine\Renderer\Texture\BMPLoad.cpp">
      <Filter>engine</Filter>
    </ClCompile>
    <ClCompile Include="src\engine\Renderer\Vertex\VertexArray.cpp">
      <Filter>engine</Filter>
    </ClCompile>
    <ClCompile Include="src\slib\Mem.cpp" />
    <ClCompile Include="src\engine\Error\SGFXError.cpp" />
    <ClCompile Include="src\engine\Renderer\Vertex\IndexBuffer.cpp" />
    <ClCompile Include="src\engine\Renderer\Vertex\VertexBuffer.cpp" />
    <ClCompile Include="src\engine\Types\Types.cpp" />
  </ItemGroup>
  <ItemGroup>
    <Filter Include="slib">
      <UniqueIdentifier>{746dbbf6-3637-43c7-8370-c3abc40de7b1}</UniqueIdentifier>
    </Filter>
    <Filter Include="engine">
      <UniqueIdentifier>{18e1b4df-500f-4fca-9a37-fbd3eb29a0b7}</UniqueIdentifier>
    </Filter>
  </ItemGroup>
  <ItemGroup>
    <ClInclude Include="src\slib\Log.h">
      <Filter>slib</Filter>
    </ClInclude>
    <ClInclude Include="src\slib\sLib.h">
      <Filter>slib</Filter>
    </ClInclude>
    <ClInclude Include="src\engine\SGFXEngine.h">
      <Filter>engine</Filter>
    </ClInclude>
    <ClInclude Include="src\engine\Renderer\Shader.h">
      <Filter>engine</Filter>
    </ClInclude>
    <ClInclude Include="src\engine\Renderer\Renderer.h">
      <Filter>engine</Filter>
    </ClInclude>
    <ClInclude Include="src\engine\Renderer\Texture\BMPLoad.h">
      <Filter>engine</Filter>
    </ClInclude>
    <ClInclude Include="src\engine\Renderer\Vertex\VertexArray.h">
      <Filter>engine</Filter>
    </ClInclude>
    <ClInclude Include="src\slib\Mem.h" />
    <ClInclude Include="src\engine\Error\SGFXError.h" />
    <ClInclude Include="src\engine\Renderer\Vertex\IndexBuffer.h" />
    <ClInclude Include="src\engine\Renderer\Vertex\VertexBuffer.h" />
    <ClInclude Include="src\engine\Types\Types.h" />
  </ItemGroup>
  <ItemGroup>
    <None Include="Shaders\BaseFrag.frag" />
    <None Include="Shaders\BaseVertex.vert" />
  </ItemGroup>
</Project>